
Microsoft Visual Studio Solution File, Format Version 12.00
# Visual Studio Version 17
VisualStudioVersion = 17.9.34728.123
MinimumVisualStudioVersion = 10.0.40219.1
Project("{FAE04EC0-301F-11D3-BF4B-00C04F79EFBC}") = "Breakout", "Breakout.csproj", "{40FDC3CA-BE14-4024-82AF-E56A9A45F71D}"
EndProject
Global
	GlobalSection(SolutionConfigurationPlatforms) = preSolution
		Debug|Any CPU = Debug|Any CPU
		Release|Any CPU = Release|Any CPU
	EndGlobalSection
	GlobalSection(ProjectConfigurationPlatforms) = postSolution
		{40FDC3CA-BE14-4024-82AF-E56A9A45F71D}.Debug|Any CPU.ActiveCfg = Debug|Any CPU
		{40FDC3CA-BE14-4024-82AF-E56A9A45F71D}.Debug|Any CPU.Build.0 = Debug|Any CPU
		{40FDC3CA-BE14-4024-82AF-E56A9A45F71D}.Release|Any CPU.ActiveCfg = Release|Any CPU
		{40FDC3CA-BE14-4024-82AF-E56A9A45F71D}.Release|Any CPU.Build.0 = Release|Any CPU
	EndGlobalSection
	GlobalSection(SolutionProperties) = preSolution
		HideSolutionNode = FALSE
	EndGlobalSection
	GlobalSection(ExtensibilityGlobals) = postSolution
		SolutionGuid = {6023D3C4-947E-41D7-81A5-D4E7E41C927F}
	EndGlobalSection
EndGlobal
