
Microsoft Visual Studio Solution File, Format Version 12.00
# Visual Studio Version 17
VisualStudioVersion = 17.10.35027.167
MinimumVisualStudioVersion = 10.0.40219.1
Project("{FAE04EC0-301F-11D3-BF4B-00C04F79EFBC}") = "Teste", "Teste.csproj", "{BDD26BA1-8AA3-49BE-8229-4795774E94B5}"
EndProject
Global
	GlobalSection(SolutionConfigurationPlatforms) = preSolution
		Debug|Any CPU = Debug|Any CPU
		Release|Any CPU = Release|Any CPU
	EndGlobalSection
	GlobalSection(ProjectConfigurationPlatforms) = postSolution
		{BDD26BA1-8AA3-49BE-8229-4795774E94B5}.Debug|Any CPU.ActiveCfg = Debug|Any CPU
		{BDD26BA1-8AA3-49BE-8229-4795774E94B5}.Debug|Any CPU.Build.0 = Debug|Any CPU
		{BDD26BA1-8AA3-49BE-8229-4795774E94B5}.Release|Any CPU.ActiveCfg = Release|Any CPU
		{BDD26BA1-8AA3-49BE-8229-4795774E94B5}.Release|Any CPU.Build.0 = Release|Any CPU
	EndGlobalSection
	GlobalSection(SolutionProperties) = preSolution
		HideSolutionNode = FALSE
	EndGlobalSection
	GlobalSection(ExtensibilityGlobals) = postSolution
		SolutionGuid = {2125FEAD-C047-4CB5-85C4-05558A19C103}
	EndGlobalSection
EndGlobal
