
Microsoft Visual Studio Solution File, Format Version 12.00
# Visual Studio Version 17
VisualStudioVersion = 17.9.34728.123
MinimumVisualStudioVersion = 10.0.40219.1
Project("{FAE04EC0-301F-11D3-BF4B-00C04F79EFBC}") = "Text Rendering", "Text Rendering.csproj", "{BC939F98-4FA0-482B-8DFA-CB3B207AE833}"
EndProject
Global
	GlobalSection(SolutionConfigurationPlatforms) = preSolution
		Debug|Any CPU = Debug|Any CPU
		Release|Any CPU = Release|Any CPU
	EndGlobalSection
	GlobalSection(ProjectConfigurationPlatforms) = postSolution
		{BC939F98-4FA0-482B-8DFA-CB3B207AE833}.Debug|Any CPU.ActiveCfg = Debug|Any CPU
		{BC939F98-4FA0-482B-8DFA-CB3B207AE833}.Debug|Any CPU.Build.0 = Debug|Any CPU
		{BC939F98-4FA0-482B-8DFA-CB3B207AE833}.Release|Any CPU.ActiveCfg = Release|Any CPU
		{BC939F98-4FA0-482B-8DFA-CB3B207AE833}.Release|Any CPU.Build.0 = Release|Any CPU
	EndGlobalSection
	GlobalSection(SolutionProperties) = preSolution
		HideSolutionNode = FALSE
	EndGlobalSection
	GlobalSection(ExtensibilityGlobals) = postSolution
		SolutionGuid = {81E682F8-F0FC-4391-BF0F-B12C528382AE}
	EndGlobalSection
EndGlobal
