
Microsoft Visual Studio Solution File, Format Version 12.00
# Visual Studio Version 17
VisualStudioVersion = 17.9.34728.123
MinimumVisualStudioVersion = 10.0.40219.1
Project("{FAE04EC0-301F-11D3-BF4B-00C04F79EFBC}") = "RubyDung", "RubyDung.csproj", "{13D4CB13-C7E2-47B0-ADCA-340BD1A90F37}"
EndProject
Global
	GlobalSection(SolutionConfigurationPlatforms) = preSolution
		Debug|Any CPU = Debug|Any CPU
		Release|Any CPU = Release|Any CPU
	EndGlobalSection
	GlobalSection(ProjectConfigurationPlatforms) = postSolution
		{13D4CB13-C7E2-47B0-ADCA-340BD1A90F37}.Debug|Any CPU.ActiveCfg = Debug|Any CPU
		{13D4CB13-C7E2-47B0-ADCA-340BD1A90F37}.Debug|Any CPU.Build.0 = Debug|Any CPU
		{13D4CB13-C7E2-47B0-ADCA-340BD1A90F37}.Release|Any CPU.ActiveCfg = Release|Any CPU
		{13D4CB13-C7E2-47B0-ADCA-340BD1A90F37}.Release|Any CPU.Build.0 = Release|Any CPU
	EndGlobalSection
	GlobalSection(SolutionProperties) = preSolution
		HideSolutionNode = FALSE
	EndGlobalSection
	GlobalSection(ExtensibilityGlobals) = postSolution
		SolutionGuid = {A7F55C84-6338-4E45-99C0-0640884F30B6}
	EndGlobalSection
EndGlobal
